
Microsoft Visual Studio Solution File, Format Version 12.00
# Visual Studio 14
VisualStudioVersion = 14.0.23107.0
MinimumVisualStudioVersion = 10.0.40219.1
Project("{FAE04EC0-301F-11D3-BF4B-00C04F79EFBC}") = "AutoMapperTest", "AutoMapperTest\AutoMapperTest.csproj", "{FDB444C8-4983-4ECB-B9D8-7AD307F9901D}"
EndProject
Global
	GlobalSection(SolutionConfigurationPlatforms) = preSolution
		Debug|Any CPU = Debug|Any CPU
		Release|Any CPU = Release|Any CPU
	EndGlobalSection
	GlobalSection(ProjectConfigurationPlatforms) = postSolution
		{FDB444C8-4983-4ECB-B9D8-7AD307F9901D}.Debug|Any CPU.ActiveCfg = Debug|Any CPU
		{FDB444C8-4983-4ECB-B9D8-7AD307F9901D}.Debug|Any CPU.Build.0 = Debug|Any CPU
		{FDB444C8-4983-4ECB-B9D8-7AD307F9901D}.Release|Any CPU.ActiveCfg = Release|Any CPU
		{FDB444C8-4983-4ECB-B9D8-7AD307F9901D}.Release|Any CPU.Build.0 = Release|Any CPU
	EndGlobalSection
	GlobalSection(SolutionProperties) = preSolution
		HideSolutionNode = FALSE
	EndGlobalSection
EndGlobal
